// !$*UTF8*$!
{
	archiveVersion = 1;
	classes = {
	};
	objectVersion = 46;
	objects = {

/* Begin PBXBuildFile section */
		6D43F56A1CAC141C0079819C /* AppDelegate.swift in Sources */ = {isa = PBXBuildFile; fileRef = 6D43F5691CAC141C0079819C /* AppDelegate.swift */; };
		6D43F56C1CAC141C0079819C /* ViewController.swift in Sources */ = {isa = PBXBuildFile; fileRef = 6D43F56B1CAC141C0079819C /* ViewController.swift */; };
		6D43F56F1CAC141C0079819C /* Main.storyboard in Resources */ = {isa = PBXBuildFile; fileRef = 6D43F56D1CAC141C0079819C /* Main.storyboard */; };
		6D43F5721CAC141C0079819C /* MobilologyDateStampTutorial.xcdatamodeld in Sources */ = {isa = PBXBuildFile; fileRef = 6D43F5701CAC141C0079819C /* MobilologyDateStampTutorial.xcdatamodeld */; };
		6D43F5741CAC141C0079819C /* Assets.xcassets in Resources */ = {isa = PBXBuildFile; fileRef = 6D43F5731CAC141C0079819C /* Assets.xcassets */; };
		6D43F5771CAC141C0079819C /* LaunchScreen.storyboard in Resources */ = {isa = PBXBuildFile; fileRef = 6D43F5751CAC141C0079819C /* LaunchScreen.storyboard */; };
/* End PBXBuildFile section */

/* Begin PBXFileReference section */
		6D43F5661CAC141C0079819C /* MobilologyDateStampTutorial.app */ = {isa = PBXFileReference; explicitFileType = wrapper.application; includeInIndex = 0; path = MobilologyDateStampTutorial.app; sourceTree = BUILT_PRODUCTS_DIR; };
		6D43F5691CAC141C0079819C /* AppDelegate.swift */ = {isa = PBXFileReference; lastKnownFileType = sourcecode.swift; path = AppDelegate.swift; sourceTree = "<group>"; };
		6D43F56B1CAC141C0079819C /* ViewController.swift */ = {isa = PBXFileReference; lastKnownFileType = sourcecode.swift; path = ViewController.swift; sourceTree = "<group>"; };
		6D43F56E1CAC141C0079819C /* Base */ = {isa = PBXFileReference; lastKnownFileType = file.storyboard; name = Base; path = Base.lproj/Main.storyboard; sourceTree = "<group>"; };
		6D43F5711CAC141C0079819C /* MobilologyDateStampTutorial.xcdatamodel */ = {isa = PBXFileReference; lastKnownFileType = wrapper.xcdatamodel; path = MobilologyDateStampTutorial.xcdatamodel; sourceTree = "<group>"; };
		6D43F5731CAC141C0079819C /* Assets.xcassets */ = {isa = PBXFileReference; lastKnownFileType = folder.assetcatalog; path = Assets.xcassets; sourceTree = "<group>"; };
		6D43F5761CAC141C0079819C /* Base */ = {isa = PBXFileReference; lastKnownFileType = file.storyboard; name = Base; path = Base.lproj/LaunchScreen.storyboard; sourceTree = "<group>"; };
		6D43F5781CAC141C0079819C /* Info.plist */ = {isa = PBXFileReference; lastKnownFileType = text.plist.xml; path = Info.plist; sourceTree = "<group>"; };
/* End PBXFileReference section */

/* Begin PBXFrameworksBuildPhase section */
		6D43F5631CAC141C0079819C /* Frameworks */ = {
			isa = PBXFrameworksBuildPhase;
			buildActionMask = 2147483647;
			files = (
			);
			runOnlyForDeploymentPostprocessing = 0;
		};
/* End PBXFrameworksBuildPhase section */

/* Begin PBXGroup section */
		6D43F55D1CAC141C0079819C = {
			isa = PBXGroup;
			children = (
				6D43F5681CAC141C0079819C /* MobilologyDateStampTutorial */,
				6D43F5671CAC141C0079819C /* Products */,
			);
			sourceTree = "<group>";
		};
		6D43F5671CAC141C0079819C /* Products */ = {
			isa = PBXGroup;
			children = (
				6D43F5661CAC141C0079819C /* MobilologyDateStampTutorial.app */,
			);
			name = Products;
			sourceTree = "<group>";
		};
		6D43F5681CAC141C0079819C /* MobilologyDateStampTutorial */ = {
			isa = PBXGroup;
			children = (
				6D43F5691CAC141C0079819C /* AppDelegate.swift */,
				6D43F56B1CAC141C0079819C /* ViewController.swift */,
				6D43F56D1CAC141C0079819C /* Main.storyboard */,
				6D43F5731CAC141C0079819C /* Assets.xcassets */,
				6D43F5751CAC141C0079819C /* LaunchScreen.storyboard */,
				6D43F5781CAC141C0079819C /* Info.plist */,
				6D43F5701CAC141C0079819C /* MobilologyDateStampTutorial.xcdatamodeld */,
			);
			path = MobilologyDateStampTutorial;
			sourceTree = "<group>";
		};
/* End PBXGroup section */

/* Begin PBXNativeTarget section */
		6D43F5651CAC141C0079819C /* MobilologyDateStampTutorial */ = {
			isa = PBXNativeTarget;
			buildConfigurationList = 6D43F57B1CAC141C0079819C /* Build configuration list for PBXNativeTarget "MobilologyDateStampTutorial" */;
			buildPhases = (
				6D43F5621CAC141C0079819C /* Sources */,
				6D43F5631CAC141C0079819C /* Frameworks */,
				6D43F5641CAC141C0079819C /* Resources */,
			);
			buildRules = (
			);
			dependencies = (
			);
			name = MobilologyDateStampTutorial;
			productName = MobilologyDateStampTutorial;
			productReference = 6D43F5661CAC141C0079819C /* MobilologyDateStampTutorial.app */;
			productType = "com.apple.product-type.application";
		};
/* End PBXNativeTarget section */

/* Begin PBXProject section */
		6D43F55E1CAC141C0079819C /* Project object */ = {
			isa = PBXProject;
			attributes = {
				LastSwiftUpdateCheck = 0730;
				LastUpgradeCheck = 0730;
				ORGANIZATIONNAME = "Damien Laughton";
				TargetAttributes = {
					6D43F5651CAC141C0079819C = {
						CreatedOnToolsVersion = 7.3;
					};
				};
			};
			buildConfigurationList = 6D43F5611CAC141C0079819C /* Build configuration list for PBXProject "MobilologyDateStampTutorial" */;
			compatibilityVersion = "Xcode 3.2";
			developmentRegion = English;
			hasScannedForEncodings = 0;
			knownRegions = (
				en,
				Base,
			);
			mainGroup = 6D43F55D1CAC141C0079819C;
			productRefGroup = 6D43F5671CAC141C0079819C /* Products */;
			projectDirPath = "";
			projectRoot = "";
			targets = (
				6D43F5651CAC141C0079819C /* MobilologyDateStampTutorial */,
			);
		};
/* End PBXProject section */

/* Begin PBXResourcesBuildPhase section */
		6D43F5641CAC141C0079819C /* Resources */ = {
			isa = PBXResourcesBuildPhase;
			buildActionMask = 2147483647;
			files = (
				6D43F5771CAC141C0079819C /* LaunchScreen.storyboard in Resources */,
				6D43F5741CAC141C0079819C /* Assets.xcassets in Resources */,
				6D43F56F1CAC141C0079819C /* Main.storyboard in Resources */,
			);
			runOnlyForDeploymentPostprocessing = 0;
		};
/* End PBXResourcesBuildPhase section */

/* Begin PBXSourcesBuildPhase section */
		6D43F5621CAC141C0079819C /* Sources */ = {
			isa = PBXSourcesBuildPhase;
			buildActionMask = 2147483647;
			files = (
				6D43F56C1CAC141C0079819C /* ViewController.swift in Sources */,
				6D43F56A1CAC141C0079819C /* AppDelegate.swift in Sources */,
				6D43F5721CAC141C0079819C /* MobilologyDateStampTutorial.xcdatamodeld in Sources */,
			);
			runOnlyForDeploymentPostprocessing = 0;
		};
/* End PBXSourcesBuildPhase section */

/* Begin PBXVariantGroup section */
		6D43F56D1CAC141C0079819C /* Main.storyboard */ = {
			isa = PBXVariantGroup;
			children = (
				6D43F56E1CAC141C0079819C /* Base */,
			);
			name = Main.storyboard;
			sourceTree = "<group>";
		};
		6D43F5751CAC141C0079819C /* LaunchScreen.storyboard */ = {
			isa = PBXVariantGroup;
			children = (
				6D43F5761CAC141C0079819C /* Base */,
			);
			name = LaunchScreen.storyboard;
			sourceTree = "<group>";
		};
/* End PBXVariantGroup section */

/* Begin XCBuildConfiguration section */
		6D43F5791CAC141C0079819C /* Debug */ = {
			isa = XCBuildConfiguration;
			buildSettings = {
				ALWAYS_SEARCH_USER_PATHS = NO;
				CLANG_ANALYZER_NONNULL = YES;
				CLANG_CXX_LANGUAGE_STANDARD = "gnu++0x";
				CLANG_CXX_LIBRARY = "libc++";
				CLANG_ENABLE_MODULES = YES;
				CLANG_ENABLE_OBJC_ARC = YES;
				CLANG_WARN_BOOL_CONVERSION = YES;
				CLANG_WARN_CONSTANT_CONVERSION = YES;
				CLANG_WARN_DIRECT_OBJC_ISA_USAGE = YES_ERROR;
				CLANG_WARN_EMPTY_BODY = YES;
				CLANG_WARN_ENUM_CONVERSION = YES;
				CLANG_WARN_INT_CONVERSION = YES;
				CLANG_WARN_OBJC_ROOT_CLASS = YES_ERROR;
				CLANG_WARN_UNREACHABLE_CODE = YES;
				CLANG_WARN__DUPLICATE_METHOD_MATCH = YES;
				"CODE_SIGN_IDENTITY[sdk=iphoneos*]" = "iPhone Developer";
				COPY_PHASE_STRIP = NO;
				DEBUG_INFORMATION_FORMAT = dwarf;
				ENABLE_STRICT_OBJC_MSGSEND = YES;
				ENABLE_TESTABILITY = YES;
				GCC_C_LANGUAGE_STANDARD = gnu99;
				GCC_DYNAMIC_NO_PIC = NO;
				GCC_NO_COMMON_BLOCKS = YES;
				GCC_OPTIMIZATION_LEVEL = 0;
				GCC_PREPROCESSOR_DEFINITIONS = (
					"DEBUG=1",
					"$(inherited)",
				);
				GCC_WARN_64_TO_32_BIT_CONVERSION = YES;
				GCC_WARN_ABOUT_RETURN_TYPE = YES_ERROR;
				GCC_WARN_UNDECLARED_SELECTOR = YES;
				GCC_WARN_UNINITIALIZED_AUTOS = YES_AGGRESSIVE;
				GCC_WARN_UNUSED_FUNCTION = YES;
				GCC_WARN_UNUSED_VARIABLE = YES;
				IPHONEOS_DEPLOYMENT_TARGET = 9.3;
				MTL_ENABLE_DEBUG_INFO = YES;
				ONLY_ACTIVE_ARCH = YES;
				SDKROOT = iphoneos;
				SWIFT_OPTIMIZATION_LEVEL = "-Onone";
			};
			name = Debug;
		};
		6D43F57A1CAC141C0079819C /* Release */ = {
			isa = XCBuildConfiguration;
			buildSettings = {
				ALWAYS_SEARCH_USER_PATHS = NO;
				CLANG_ANALYZER_NONNULL = YES;
				CLANG_CXX_LANGUAGE_STANDARD = "gnu++0x";
				CLANG_CXX_LIBRARY = "libc++";
				CLANG_ENABLE_MODULES = YES;
				CLANG_ENABLE_OBJC_ARC = YES;
				CLANG_WARN_BOOL_CONVERSION = YES;
				CLANG_WARN_CONSTANT_CONVERSION = YES;
				CLANG_WARN_DIRECT_OBJC_ISA_USAGE = YES_ERROR;
				CLANG_WARN_EMPTY_BODY = YES;
				CLANG_WARN_ENUM_CONVERSION = YES;
				CLANG_WARN_INT_CONVERSION = YES;
				CLANG_WARN_OBJC_ROOT_CLASS = YES_ERROR;
				CLANG_WARN_UNREACHABLE_CODE = YES;
				CLANG_WARN__DUPLICATE_METHOD_MATCH = YES;
				"CODE_SIGN_IDENTITY[sdk=iphoneos*]" = "iPhone Developer";
				COPY_PHASE_STRIP = NO;
				DEBUG_INFORMATION_FORMAT = "dwarf-with-dsym";
				ENABLE_NS_ASSERTIONS = NO;
				ENABLE_STRICT_OBJC_MSGSEND = YES;
				GCC_C_LANGUAGE_STANDARD = gnu99;
				GCC_NO_COMMON_BLOCKS = YES;
				GCC_WARN_64_TO_32_BIT_CONVERSION = YES;
				GCC_WARN_ABOUT_RETURN_TYPE = YES_ERROR;
				GCC_WARN_UNDECLARED_SELECTOR = YES;
				GCC_WARN_UNINITIALIZED_AUTOS = YES_AGGRESSIVE;
				GCC_WARN_UNUSED_FUNCTION = YES;
				GCC_WARN_UNUSED_VARIABLE = YES;
				IPHONEOS_DEPLOYMENT_TARGET = 9.3;
				MTL_ENABLE_DEBUG_INFO = NO;
				SDKROOT = iphoneos;
				VALIDATE_PRODUCT = YES;
			};
			name = Release;
		};
		6D43F57C1CAC141C0079819C /* Debug */ = {
			isa = XCBuildConfiguration;
			buildSettings = {
				ASSETCATALOG_COMPILER_APPICON_NAME = AppIcon;
				INFOPLIST_FILE = MobilologyDateStampTutorial/Info.plist;
				LD_RUNPATH_SEARCH_PATHS = "$(inherited) @executable_path/Frameworks";
				PRODUCT_BUNDLE_IDENTIFIER = com.mobilology.MobilologyDateStampTutorial;
				PRODUCT_NAME = "$(TARGET_NAME)";
			};
			name = Debug;
		};
		6D43F57D1CAC141C0079819C /* Release */ = {
			isa = XCBuildConfiguration;
			buildSettings = {
				ASSETCATALOG_COMPILER_APPICON_NAME = AppIcon;
				INFOPLIST_FILE = MobilologyDateStampTutorial/Info.plist;
				LD_RUNPATH_SEARCH_PATHS = "$(inherited) @executable_path/Frameworks";
				PRODUCT_BUNDLE_IDENTIFIER = com.mobilology.MobilologyDateStampTutorial;
				PRODUCT_NAME = "$(TARGET_NAME)";
			};
			name = Release;
		};
/* End XCBuildConfiguration section */

/* Begin XCConfigurationList section */
		6D43F5611CAC141C0079819C /* Build configuration list for PBXProject "MobilologyDateStampTutorial" */ = {
			isa = XCConfigurationList;
			buildConfigurations = (
				6D43F5791CAC141C0079819C /* Debug */,
				6D43F57A1CAC141C0079819C /* Release */,
			);
			defaultConfigurationIsVisible = 0;
			defaultConfigurationName = Release;
		};
		6D43F57B1CAC141C0079819C /* Build configuration list for PBXNativeTarget "MobilologyDateStampTutorial" */ = {
			isa = XCConfigurationList;
			buildConfigurations = (
				6D43F57C1CAC141C0079819C /* Debug */,
				6D43F57D1CAC141C0079819C /* Release */,
			);
			defaultConfigurationIsVisible = 0;
		};
/* End XCConfigurationList section */

/* Begin XCVersionGroup section */
		6D43F5701CAC141C0079819C /* MobilologyDateStampTutorial.xcdatamodeld */ = {
			isa = XCVersionGroup;
			children = (
				6D43F5711CAC141C0079819C /* MobilologyDateStampTutorial.xcdatamodel */,
			);
			currentVersion = 6D43F5711CAC141C0079819C /* MobilologyDateStampTutorial.xcdatamodel */;
			path = MobilologyDateStampTutorial.xcdatamodeld;
			sourceTree = "<group>";
			versionGroupType = wrapper.xcdatamodel;
		};
/* End XCVersionGroup section */
	};
	rootObject = 6D43F55E1CAC141C0079819C /* Project object */;
}
